
Microsoft Visual Studio Solution File, Format Version 12.00
# Visual Studio Version 17
VisualStudioVersion = 17.8.34525.116
MinimumVisualStudioVersion = 10.0.40219.1
Project("{FAE04EC0-301F-11D3-BF4B-00C04F79EFBC}") = "Workaround", "Workaround\Workaround.csproj", "{413259D6-F69B-4C78-AB5B-F8F7AE6DA1C7}"
EndProject
Project("{FAE04EC0-301F-11D3-BF4B-00C04F79EFBC}") = "Entities", "Entities\Entities.csproj", "{98ABD0EE-710C-42B3-86AA-3C4127B2A574}"
EndProject
Project("{FAE04EC0-301F-11D3-BF4B-00C04F79EFBC}") = "Business", "Business\Business.csproj", "{4D1BB8E5-3C94-4AB9-94EC-0FF89F86D0F3}"
EndProject
Global
	GlobalSection(SolutionConfigurationPlatforms) = preSolution
		Debug|Any CPU = Debug|Any CPU
		Release|Any CPU = Release|Any CPU
	EndGlobalSection
	GlobalSection(ProjectConfigurationPlatforms) = postSolution
		{413259D6-F69B-4C78-AB5B-F8F7AE6DA1C7}.Debug|Any CPU.ActiveCfg = Debug|Any CPU
		{413259D6-F69B-4C78-AB5B-F8F7AE6DA1C7}.Debug|Any CPU.Build.0 = Debug|Any CPU
		{413259D6-F69B-4C78-AB5B-F8F7AE6DA1C7}.Release|Any CPU.ActiveCfg = Release|Any CPU
		{413259D6-F69B-4C78-AB5B-F8F7AE6DA1C7}.Release|Any CPU.Build.0 = Release|Any CPU
		{98ABD0EE-710C-42B3-86AA-3C4127B2A574}.Debug|Any CPU.ActiveCfg = Debug|Any CPU
		{98ABD0EE-710C-42B3-86AA-3C4127B2A574}.Debug|Any CPU.Build.0 = Debug|Any CPU
		{98ABD0EE-710C-42B3-86AA-3C4127B2A574}.Release|Any CPU.ActiveCfg = Release|Any CPU
		{98ABD0EE-710C-42B3-86AA-3C4127B2A574}.Release|Any CPU.Build.0 = Release|Any CPU
		{4D1BB8E5-3C94-4AB9-94EC-0FF89F86D0F3}.Debug|Any CPU.ActiveCfg = Debug|Any CPU
		{4D1BB8E5-3C94-4AB9-94EC-0FF89F86D0F3}.Debug|Any CPU.Build.0 = Debug|Any CPU
		{4D1BB8E5-3C94-4AB9-94EC-0FF89F86D0F3}.Release|Any CPU.ActiveCfg = Release|Any CPU
		{4D1BB8E5-3C94-4AB9-94EC-0FF89F86D0F3}.Release|Any CPU.Build.0 = Release|Any CPU
	EndGlobalSection
	GlobalSection(SolutionProperties) = preSolution
		HideSolutionNode = FALSE
	EndGlobalSection
	GlobalSection(ExtensibilityGlobals) = postSolution
		SolutionGuid = {F3324076-FD4C-4228-A00A-0FA9CC6CAB53}
	EndGlobalSection
EndGlobal
